
Microsoft Visual Studio Solution File, Format Version 12.00
# Visual Studio Version 17
VisualStudioVersion = 17.0.31903.59
MinimumVisualStudioVersion = 10.0.40219.1
Project("{FAE04EC0-301F-11D3-BF4B-00C04F79EFBC}") = "ScreenSound.Console", "..\ScreenSound.Console\ScreenSound.Console.csproj", "{519634EE-9965-44F6-BB94-CC25D98893C8}"
EndProject
Project("{FAE04EC0-301F-11D3-BF4B-00C04F79EFBC}") = "ScreenSound.Model", "..\ScreenSound.Model\ScreenSound.Model.csproj", "{CD8EF596-EC73-4C5F-982C-C2155DA7D36F}"
EndProject
Global
	GlobalSection(SolutionConfigurationPlatforms) = preSolution
		Debug|Any CPU = Debug|Any CPU
		Release|Any CPU = Release|Any CPU
	EndGlobalSection
	GlobalSection(SolutionProperties) = preSolution
		HideSolutionNode = FALSE
	EndGlobalSection
	GlobalSection(ProjectConfigurationPlatforms) = postSolution
		{519634EE-9965-44F6-BB94-CC25D98893C8}.Debug|Any CPU.ActiveCfg = Debug|Any CPU
		{519634EE-9965-44F6-BB94-CC25D98893C8}.Debug|Any CPU.Build.0 = Debug|Any CPU
		{519634EE-9965-44F6-BB94-CC25D98893C8}.Release|Any CPU.ActiveCfg = Release|Any CPU
		{519634EE-9965-44F6-BB94-CC25D98893C8}.Release|Any CPU.Build.0 = Release|Any CPU
		{CD8EF596-EC73-4C5F-982C-C2155DA7D36F}.Debug|Any CPU.ActiveCfg = Debug|Any CPU
		{CD8EF596-EC73-4C5F-982C-C2155DA7D36F}.Debug|Any CPU.Build.0 = Debug|Any CPU
		{CD8EF596-EC73-4C5F-982C-C2155DA7D36F}.Release|Any CPU.ActiveCfg = Release|Any CPU
		{CD8EF596-EC73-4C5F-982C-C2155DA7D36F}.Release|Any CPU.Build.0 = Release|Any CPU
	EndGlobalSection
EndGlobal
